
Microsoft Visual Studio Solution File, Format Version 12.00
# Visual Studio Version 17
VisualStudioVersion = 17.5.33424.131
MinimumVisualStudioVersion = 10.0.40219.1
Project("{9A19103F-16F7-4668-BE54-9A1E7A4F7556}") = "Lap.API", "Lab.API\Lap.API.csproj", "{F3EC6562-76AD-4045-919F-3CFD435A38D4}"
EndProject
Project("{9A19103F-16F7-4668-BE54-9A1E7A4F7556}") = "Lab.WEB", "Lab.WEB\Lab.WEB.csproj", "{52FD81F1-B7F4-4BFA-ABE2-2C9918B47043}"
EndProject
Project("{9A19103F-16F7-4668-BE54-9A1E7A4F7556}") = "Lab.Shared", "Lab.Shared\Lab.Shared.csproj", "{D8DA91CB-975C-4E29-9D48-8610857411DB}"
EndProject
Global
	GlobalSection(SolutionConfigurationPlatforms) = preSolution
		Debug|Any CPU = Debug|Any CPU
		Release|Any CPU = Release|Any CPU
	EndGlobalSection
	GlobalSection(ProjectConfigurationPlatforms) = postSolution
		{F3EC6562-76AD-4045-919F-3CFD435A38D4}.Debug|Any CPU.ActiveCfg = Debug|Any CPU
		{F3EC6562-76AD-4045-919F-3CFD435A38D4}.Debug|Any CPU.Build.0 = Debug|Any CPU
		{F3EC6562-76AD-4045-919F-3CFD435A38D4}.Release|Any CPU.ActiveCfg = Release|Any CPU
		{F3EC6562-76AD-4045-919F-3CFD435A38D4}.Release|Any CPU.Build.0 = Release|Any CPU
		{52FD81F1-B7F4-4BFA-ABE2-2C9918B47043}.Debug|Any CPU.ActiveCfg = Debug|Any CPU
		{52FD81F1-B7F4-4BFA-ABE2-2C9918B47043}.Debug|Any CPU.Build.0 = Debug|Any CPU
		{52FD81F1-B7F4-4BFA-ABE2-2C9918B47043}.Release|Any CPU.ActiveCfg = Release|Any CPU
		{52FD81F1-B7F4-4BFA-ABE2-2C9918B47043}.Release|Any CPU.Build.0 = Release|Any CPU
		{D8DA91CB-975C-4E29-9D48-8610857411DB}.Debug|Any CPU.ActiveCfg = Debug|Any CPU
		{D8DA91CB-975C-4E29-9D48-8610857411DB}.Debug|Any CPU.Build.0 = Debug|Any CPU
		{D8DA91CB-975C-4E29-9D48-8610857411DB}.Release|Any CPU.ActiveCfg = Release|Any CPU
		{D8DA91CB-975C-4E29-9D48-8610857411DB}.Release|Any CPU.Build.0 = Release|Any CPU
	EndGlobalSection
	GlobalSection(SolutionProperties) = preSolution
		HideSolutionNode = FALSE
	EndGlobalSection
	GlobalSection(ExtensibilityGlobals) = postSolution
		SolutionGuid = {3013202F-0DD0-4438-AD48-5EE4D13313FF}
	EndGlobalSection
EndGlobal
